// !$*UTF8*$!
{
	archiveVersion = 1;
	classes = {
	};
	objectVersion = 46;
	objects = {

/* Begin PBXBuildFile section */
		953F42DC1A0FA6D400EEED0F /* main.cpp in Sources */ = {isa = PBXBuildFile; fileRef = 953F42DB1A0FA6D400EEED0F /* main.cpp */; };
/* End PBXBuildFile section */

/* Begin PBXContainerItemProxy section */
		9524CE011A19ECE90052B5AC /* PBXContainerItemProxy */ = {
			isa = PBXContainerItemProxy;
			containerPortal = 9524CDDA1A192D130052B5AC /* _LSD.xcodeproj */;
			proxyType = 2;
			remoteGlobalIDString = 9524CDD01A192D130052B5AC;
			remoteInfo = _LSD;
		};
/* End PBXContainerItemProxy section */

/* Begin PBXCopyFilesBuildPhase section */
		953F42D61A0FA6D400EEED0F /* CopyFiles */ = {
			isa = PBXCopyFilesBuildPhase;
			buildActionMask = 2147483647;
			dstPath = /usr/share/man/man1/;
			dstSubfolderSpec = 0;
			files = (
			);
			runOnlyForDeploymentPostprocessing = 1;
		};
/* End PBXCopyFilesBuildPhase section */

/* Begin PBXFileReference section */
		9524CDDA1A192D130052B5AC /* _LSD.xcodeproj */ = {isa = PBXFileReference; lastKnownFileType = "wrapper.pb-project"; name = _LSD.xcodeproj; path = "MSD, LSD/_LSD/_LSD.xcodeproj"; sourceTree = "<group>"; };
		953F42D81A0FA6D400EEED0F /* MSD, LSD */ = {isa = PBXFileReference; explicitFileType = "compiled.mach-o.executable"; includeInIndex = 0; path = "MSD, LSD"; sourceTree = BUILT_PRODUCTS_DIR; };
		953F42DB1A0FA6D400EEED0F /* main.cpp */ = {isa = PBXFileReference; lastKnownFileType = sourcecode.cpp.cpp; path = main.cpp; sourceTree = "<group>"; };
		953F42E81A0FF37100EEED0F /* MSD */ = {isa = PBXFileReference; fileEncoding = 4; lastKnownFileType = text; path = MSD; sourceTree = "<group>"; };
		953F42E91A0FF39100EEED0F /* LSD */ = {isa = PBXFileReference; fileEncoding = 4; lastKnownFileType = text; path = LSD; sourceTree = "<group>"; };
		953F42EA1A0FF8BC00EEED0F /* MSD[2] */ = {isa = PBXFileReference; fileEncoding = 4; lastKnownFileType = text; path = "MSD[2]"; sourceTree = "<group>"; };
		953F42EB1A10D03900EEED0F /* MSD[3] */ = {isa = PBXFileReference; fileEncoding = 4; lastKnownFileType = text; path = "MSD[3]"; sourceTree = "<group>"; };
		953F42FF1A10F90F00EEED0F /* LSD[2] */ = {isa = PBXFileReference; fileEncoding = 4; lastKnownFileType = text; path = "LSD[2]"; sourceTree = "<group>"; };
		953F43001A10FA7700EEED0F /* LSD[3] */ = {isa = PBXFileReference; fileEncoding = 4; lastKnownFileType = text; path = "LSD[3]"; sourceTree = "<group>"; };
/* End PBXFileReference section */

/* Begin PBXFrameworksBuildPhase section */
		953F42D51A0FA6D400EEED0F /* Frameworks */ = {
			isa = PBXFrameworksBuildPhase;
			buildActionMask = 2147483647;
			files = (
			);
			runOnlyForDeploymentPostprocessing = 0;
		};
/* End PBXFrameworksBuildPhase section */

/* Begin PBXGroup section */
		9524CDFE1A19ECE90052B5AC /* Products */ = {
			isa = PBXGroup;
			children = (
				9524CE021A19ECE90052B5AC /* _LSD */,
			);
			name = Products;
			sourceTree = "<group>";
		};
		953F42CF1A0FA6D400EEED0F = {
			isa = PBXGroup;
			children = (
				953F42DA1A0FA6D400EEED0F /* MSD, LSD */,
				953F42D91A0FA6D400EEED0F /* Products */,
				9524CDDA1A192D130052B5AC /* _LSD.xcodeproj */,
			);
			sourceTree = "<group>";
		};
		953F42D91A0FA6D400EEED0F /* Products */ = {
			isa = PBXGroup;
			children = (
				953F42D81A0FA6D400EEED0F /* MSD, LSD */,
			);
			name = Products;
			sourceTree = "<group>";
		};
		953F42DA1A0FA6D400EEED0F /* MSD, LSD */ = {
			isa = PBXGroup;
			children = (
				953F42DB1A0FA6D400EEED0F /* main.cpp */,
				953F43001A10FA7700EEED0F /* LSD[3] */,
				953F42FF1A10F90F00EEED0F /* LSD[2] */,
				953F42EB1A10D03900EEED0F /* MSD[3] */,
				953F42EA1A0FF8BC00EEED0F /* MSD[2] */,
				953F42E91A0FF39100EEED0F /* LSD */,
				953F42E81A0FF37100EEED0F /* MSD */,
			);
			path = "MSD, LSD";
			sourceTree = "<group>";
		};
/* End PBXGroup section */

/* Begin PBXNativeTarget section */
		953F42D71A0FA6D400EEED0F /* MSD, LSD */ = {
			isa = PBXNativeTarget;
			buildConfigurationList = 953F42DF1A0FA6D400EEED0F /* Build configuration list for PBXNativeTarget "MSD, LSD" */;
			buildPhases = (
				953F42D41A0FA6D400EEED0F /* Sources */,
				953F42D51A0FA6D400EEED0F /* Frameworks */,
				953F42D61A0FA6D400EEED0F /* CopyFiles */,
			);
			buildRules = (
			);
			dependencies = (
			);
			name = "MSD, LSD";
			productName = "MSD, LSD";
			productReference = 953F42D81A0FA6D400EEED0F /* MSD, LSD */;
			productType = "com.apple.product-type.tool";
		};
/* End PBXNativeTarget section */

/* Begin PBXProject section */
		953F42D01A0FA6D400EEED0F /* Project object */ = {
			isa = PBXProject;
			attributes = {
				LastUpgradeCheck = 0610;
				ORGANIZATIONNAME = SecurityQQ;
				TargetAttributes = {
					953F42D71A0FA6D400EEED0F = {
						CreatedOnToolsVersion = 6.1;
					};
				};
			};
			buildConfigurationList = 953F42D31A0FA6D400EEED0F /* Build configuration list for PBXProject "MSD, LSD" */;
			compatibilityVersion = "Xcode 3.2";
			developmentRegion = English;
			hasScannedForEncodings = 0;
			knownRegions = (
				en,
			);
			mainGroup = 953F42CF1A0FA6D400EEED0F;
			productRefGroup = 953F42D91A0FA6D400EEED0F /* Products */;
			projectDirPath = "";
			projectReferences = (
				{
					ProductGroup = 9524CDFE1A19ECE90052B5AC /* Products */;
					ProjectRef = 9524CDDA1A192D130052B5AC /* _LSD.xcodeproj */;
				},
			);
			projectRoot = "";
			targets = (
				953F42D71A0FA6D400EEED0F /* MSD, LSD */,
			);
		};
/* End PBXProject section */

/* Begin PBXReferenceProxy section */
		9524CE021A19ECE90052B5AC /* _LSD */ = {
			isa = PBXReferenceProxy;
			fileType = "compiled.mach-o.executable";
			path = _LSD;
			remoteRef = 9524CE011A19ECE90052B5AC /* PBXContainerItemProxy */;
			sourceTree = BUILT_PRODUCTS_DIR;
		};
/* End PBXReferenceProxy section */

/* Begin PBXSourcesBuildPhase section */
		953F42D41A0FA6D400EEED0F /* Sources */ = {
			isa = PBXSourcesBuildPhase;
			buildActionMask = 2147483647;
			files = (
				953F42DC1A0FA6D400EEED0F /* main.cpp in Sources */,
			);
			runOnlyForDeploymentPostprocessing = 0;
		};
/* End PBXSourcesBuildPhase section */

/* Begin XCBuildConfiguration section */
		953F42DD1A0FA6D400EEED0F /* Debug */ = {
			isa = XCBuildConfiguration;
			buildSettings = {
				ALWAYS_SEARCH_USER_PATHS = NO;
				CLANG_CXX_LANGUAGE_STANDARD = "gnu++0x";
				CLANG_CXX_LIBRARY = "libc++";
				CLANG_ENABLE_MODULES = YES;
				CLANG_ENABLE_OBJC_ARC = YES;
				CLANG_WARN_BOOL_CONVERSION = YES;
				CLANG_WARN_CONSTANT_CONVERSION = YES;
				CLANG_WARN_DIRECT_OBJC_ISA_USAGE = YES_ERROR;
				CLANG_WARN_EMPTY_BODY = YES;
				CLANG_WARN_ENUM_CONVERSION = YES;
				CLANG_WARN_INT_CONVERSION = YES;
				CLANG_WARN_OBJC_ROOT_CLASS = YES_ERROR;
				CLANG_WARN_UNREACHABLE_CODE = YES;
				CLANG_WARN__DUPLICATE_METHOD_MATCH = YES;
				COPY_PHASE_STRIP = NO;
				ENABLE_STRICT_OBJC_MSGSEND = YES;
				GCC_C_LANGUAGE_STANDARD = gnu99;
				GCC_DYNAMIC_NO_PIC = NO;
				GCC_OPTIMIZATION_LEVEL = 0;
				GCC_PREPROCESSOR_DEFINITIONS = (
					"DEBUG=1",
					"$(inherited)",
				);
				GCC_SYMBOLS_PRIVATE_EXTERN = NO;
				GCC_WARN_64_TO_32_BIT_CONVERSION = YES;
				GCC_WARN_ABOUT_RETURN_TYPE = YES_ERROR;
				GCC_WARN_UNDECLARED_SELECTOR = YES;
				GCC_WARN_UNINITIALIZED_AUTOS = YES_AGGRESSIVE;
				GCC_WARN_UNUSED_FUNCTION = YES;
				GCC_WARN_UNUSED_VARIABLE = YES;
				MACOSX_DEPLOYMENT_TARGET = 10.10;
				MTL_ENABLE_DEBUG_INFO = YES;
				ONLY_ACTIVE_ARCH = YES;
				SDKROOT = macosx;
			};
			name = Debug;
		};
		953F42DE1A0FA6D400EEED0F /* Release */ = {
			isa = XCBuildConfiguration;
			buildSettings = {
				ALWAYS_SEARCH_USER_PATHS = NO;
				CLANG_CXX_LANGUAGE_STANDARD = "gnu++0x";
				CLANG_CXX_LIBRARY = "libc++";
				CLANG_ENABLE_MODULES = YES;
				CLANG_ENABLE_OBJC_ARC = YES;
				CLANG_WARN_BOOL_CONVERSION = YES;
				CLANG_WARN_CONSTANT_CONVERSION = YES;
				CLANG_WARN_DIRECT_OBJC_ISA_USAGE = YES_ERROR;
				CLANG_WARN_EMPTY_BODY = YES;
				CLANG_WARN_ENUM_CONVERSION = YES;
				CLANG_WARN_INT_CONVERSION = YES;
				CLANG_WARN_OBJC_ROOT_CLASS = YES_ERROR;
				CLANG_WARN_UNREACHABLE_CODE = YES;
				CLANG_WARN__DUPLICATE_METHOD_MATCH = YES;
				COPY_PHASE_STRIP = YES;
				DEBUG_INFORMATION_FORMAT = "dwarf-with-dsym";
				ENABLE_NS_ASSERTIONS = NO;
				ENABLE_STRICT_OBJC_MSGSEND = YES;
				GCC_C_LANGUAGE_STANDARD = gnu99;
				GCC_WARN_64_TO_32_BIT_CONVERSION = YES;
				GCC_WARN_ABOUT_RETURN_TYPE = YES_ERROR;
				GCC_WARN_UNDECLARED_SELECTOR = YES;
				GCC_WARN_UNINITIALIZED_AUTOS = YES_AGGRESSIVE;
				GCC_WARN_UNUSED_FUNCTION = YES;
				GCC_WARN_UNUSED_VARIABLE = YES;
				MACOSX_DEPLOYMENT_TARGET = 10.10;
				MTL_ENABLE_DEBUG_INFO = NO;
				SDKROOT = macosx;
			};
			name = Release;
		};
		953F42E01A0FA6D400EEED0F /* Debug */ = {
			isa = XCBuildConfiguration;
			buildSettings = {
				PRODUCT_NAME = "$(TARGET_NAME)";
			};
			name = Debug;
		};
		953F42E11A0FA6D400EEED0F /* Release */ = {
			isa = XCBuildConfiguration;
			buildSettings = {
				PRODUCT_NAME = "$(TARGET_NAME)";
			};
			name = Release;
		};
/* End XCBuildConfiguration section */

/* Begin XCConfigurationList section */
		953F42D31A0FA6D400EEED0F /* Build configuration list for PBXProject "MSD, LSD" */ = {
			isa = XCConfigurationList;
			buildConfigurations = (
				953F42DD1A0FA6D400EEED0F /* Debug */,
				953F42DE1A0FA6D400EEED0F /* Release */,
			);
			defaultConfigurationIsVisible = 0;
			defaultConfigurationName = Release;
		};
		953F42DF1A0FA6D400EEED0F /* Build configuration list for PBXNativeTarget "MSD, LSD" */ = {
			isa = XCConfigurationList;
			buildConfigurations = (
				953F42E01A0FA6D400EEED0F /* Debug */,
				953F42E11A0FA6D400EEED0F /* Release */,
			);
			defaultConfigurationIsVisible = 0;
			defaultConfigurationName = Release;
		};
/* End XCConfigurationList section */
	};
	rootObject = 953F42D01A0FA6D400EEED0F /* Project object */;
}
