// !$*UTF8*$!
{
	archiveVersion = 1;
	classes = {
	};
	objectVersion = 46;
	objects = {

/* Begin PBXBuildFile section */
		953DFA471A483683000E70AE /* main.cpp in Sources */ = {isa = PBXBuildFile; fileRef = 953DFA461A483683000E70AE /* main.cpp */; };
/* End PBXBuildFile section */

/* Begin PBXCopyFilesBuildPhase section */
		953DFA411A483683000E70AE /* CopyFiles */ = {
			isa = PBXCopyFilesBuildPhase;
			buildActionMask = 2147483647;
			dstPath = /usr/share/man/man1/;
			dstSubfolderSpec = 0;
			files = (
			);
			runOnlyForDeploymentPostprocessing = 1;
		};
/* End PBXCopyFilesBuildPhase section */

/* Begin PBXFileReference section */
		953DFA431A483683000E70AE /* HelpForMechMath' */ = {isa = PBXFileReference; explicitFileType = "compiled.mach-o.executable"; includeInIndex = 0; path = "HelpForMechMath'"; sourceTree = BUILT_PRODUCTS_DIR; };
		953DFA461A483683000E70AE /* main.cpp */ = {isa = PBXFileReference; lastKnownFileType = sourcecode.cpp.cpp; path = main.cpp; sourceTree = "<group>"; };
		953DFA4D1A4838F9000E70AE /* test.txt */ = {isa = PBXFileReference; lastKnownFileType = text; path = test.txt; sourceTree = "<group>"; };
/* End PBXFileReference section */

/* Begin PBXFrameworksBuildPhase section */
		953DFA401A483683000E70AE /* Frameworks */ = {
			isa = PBXFrameworksBuildPhase;
			buildActionMask = 2147483647;
			files = (
			);
			runOnlyForDeploymentPostprocessing = 0;
		};
/* End PBXFrameworksBuildPhase section */

/* Begin PBXGroup section */
		953DFA3A1A483683000E70AE = {
			isa = PBXGroup;
			children = (
				953DFA451A483683000E70AE /* HelpForMechMath' */,
				953DFA441A483683000E70AE /* Products */,
			);
			sourceTree = "<group>";
		};
		953DFA441A483683000E70AE /* Products */ = {
			isa = PBXGroup;
			children = (
				953DFA431A483683000E70AE /* HelpForMechMath' */,
			);
			name = Products;
			sourceTree = "<group>";
		};
		953DFA451A483683000E70AE /* HelpForMechMath' */ = {
			isa = PBXGroup;
			children = (
				953DFA461A483683000E70AE /* main.cpp */,
				953DFA4D1A4838F9000E70AE /* test.txt */,
			);
			path = "HelpForMechMath'";
			sourceTree = "<group>";
		};
/* End PBXGroup section */

/* Begin PBXNativeTarget section */
		953DFA421A483683000E70AE /* HelpForMechMath' */ = {
			isa = PBXNativeTarget;
			buildConfigurationList = 953DFA4A1A483683000E70AE /* Build configuration list for PBXNativeTarget "HelpForMechMath'" */;
			buildPhases = (
				953DFA3F1A483683000E70AE /* Sources */,
				953DFA401A483683000E70AE /* Frameworks */,
				953DFA411A483683000E70AE /* CopyFiles */,
			);
			buildRules = (
			);
			dependencies = (
			);
			name = "HelpForMechMath'";
			productName = "HelpForMechMath'";
			productReference = 953DFA431A483683000E70AE /* HelpForMechMath' */;
			productType = "com.apple.product-type.tool";
		};
/* End PBXNativeTarget section */

/* Begin PBXProject section */
		953DFA3B1A483683000E70AE /* Project object */ = {
			isa = PBXProject;
			attributes = {
				LastUpgradeCheck = 0610;
				ORGANIZATIONNAME = SecurityQQ;
				TargetAttributes = {
					953DFA421A483683000E70AE = {
						CreatedOnToolsVersion = 6.1;
					};
				};
			};
			buildConfigurationList = 953DFA3E1A483683000E70AE /* Build configuration list for PBXProject "HelpForMechMath'" */;
			compatibilityVersion = "Xcode 3.2";
			developmentRegion = English;
			hasScannedForEncodings = 0;
			knownRegions = (
				en,
			);
			mainGroup = 953DFA3A1A483683000E70AE;
			productRefGroup = 953DFA441A483683000E70AE /* Products */;
			projectDirPath = "";
			projectRoot = "";
			targets = (
				953DFA421A483683000E70AE /* HelpForMechMath' */,
			);
		};
/* End PBXProject section */

/* Begin PBXSourcesBuildPhase section */
		953DFA3F1A483683000E70AE /* Sources */ = {
			isa = PBXSourcesBuildPhase;
			buildActionMask = 2147483647;
			files = (
				953DFA471A483683000E70AE /* main.cpp in Sources */,
			);
			runOnlyForDeploymentPostprocessing = 0;
		};
/* End PBXSourcesBuildPhase section */

/* Begin XCBuildConfiguration section */
		953DFA481A483683000E70AE /* Debug */ = {
			isa = XCBuildConfiguration;
			buildSettings = {
				ALWAYS_SEARCH_USER_PATHS = NO;
				CLANG_CXX_LANGUAGE_STANDARD = "gnu++0x";
				CLANG_CXX_LIBRARY = "libc++";
				CLANG_ENABLE_MODULES = YES;
				CLANG_ENABLE_OBJC_ARC = YES;
				CLANG_WARN_BOOL_CONVERSION = YES;
				CLANG_WARN_CONSTANT_CONVERSION = YES;
				CLANG_WARN_DIRECT_OBJC_ISA_USAGE = YES_ERROR;
				CLANG_WARN_EMPTY_BODY = YES;
				CLANG_WARN_ENUM_CONVERSION = YES;
				CLANG_WARN_INT_CONVERSION = YES;
				CLANG_WARN_OBJC_ROOT_CLASS = YES_ERROR;
				CLANG_WARN_UNREACHABLE_CODE = YES;
				CLANG_WARN__DUPLICATE_METHOD_MATCH = YES;
				COPY_PHASE_STRIP = NO;
				ENABLE_STRICT_OBJC_MSGSEND = YES;
				GCC_C_LANGUAGE_STANDARD = gnu99;
				GCC_DYNAMIC_NO_PIC = NO;
				GCC_OPTIMIZATION_LEVEL = 0;
				GCC_PREPROCESSOR_DEFINITIONS = (
					"DEBUG=1",
					"$(inherited)",
				);
				GCC_SYMBOLS_PRIVATE_EXTERN = NO;
				GCC_WARN_64_TO_32_BIT_CONVERSION = YES;
				GCC_WARN_ABOUT_RETURN_TYPE = YES_ERROR;
				GCC_WARN_UNDECLARED_SELECTOR = YES;
				GCC_WARN_UNINITIALIZED_AUTOS = YES_AGGRESSIVE;
				GCC_WARN_UNUSED_FUNCTION = YES;
				GCC_WARN_UNUSED_VARIABLE = YES;
				MACOSX_DEPLOYMENT_TARGET = 10.10;
				MTL_ENABLE_DEBUG_INFO = YES;
				ONLY_ACTIVE_ARCH = YES;
				SDKROOT = macosx;
			};
			name = Debug;
		};
		953DFA491A483683000E70AE /* Release */ = {
			isa = XCBuildConfiguration;
			buildSettings = {
				ALWAYS_SEARCH_USER_PATHS = NO;
				CLANG_CXX_LANGUAGE_STANDARD = "gnu++0x";
				CLANG_CXX_LIBRARY = "libc++";
				CLANG_ENABLE_MODULES = YES;
				CLANG_ENABLE_OBJC_ARC = YES;
				CLANG_WARN_BOOL_CONVERSION = YES;
				CLANG_WARN_CONSTANT_CONVERSION = YES;
				CLANG_WARN_DIRECT_OBJC_ISA_USAGE = YES_ERROR;
				CLANG_WARN_EMPTY_BODY = YES;
				CLANG_WARN_ENUM_CONVERSION = YES;
				CLANG_WARN_INT_CONVERSION = YES;
				CLANG_WARN_OBJC_ROOT_CLASS = YES_ERROR;
				CLANG_WARN_UNREACHABLE_CODE = YES;
				CLANG_WARN__DUPLICATE_METHOD_MATCH = YES;
				COPY_PHASE_STRIP = YES;
				DEBUG_INFORMATION_FORMAT = "dwarf-with-dsym";
				ENABLE_NS_ASSERTIONS = NO;
				ENABLE_STRICT_OBJC_MSGSEND = YES;
				GCC_C_LANGUAGE_STANDARD = gnu99;
				GCC_WARN_64_TO_32_BIT_CONVERSION = YES;
				GCC_WARN_ABOUT_RETURN_TYPE = YES_ERROR;
				GCC_WARN_UNDECLARED_SELECTOR = YES;
				GCC_WARN_UNINITIALIZED_AUTOS = YES_AGGRESSIVE;
				GCC_WARN_UNUSED_FUNCTION = YES;
				GCC_WARN_UNUSED_VARIABLE = YES;
				MACOSX_DEPLOYMENT_TARGET = 10.10;
				MTL_ENABLE_DEBUG_INFO = NO;
				SDKROOT = macosx;
			};
			name = Release;
		};
		953DFA4B1A483683000E70AE /* Debug */ = {
			isa = XCBuildConfiguration;
			buildSettings = {
				PRODUCT_NAME = "$(TARGET_NAME)";
			};
			name = Debug;
		};
		953DFA4C1A483683000E70AE /* Release */ = {
			isa = XCBuildConfiguration;
			buildSettings = {
				PRODUCT_NAME = "$(TARGET_NAME)";
			};
			name = Release;
		};
/* End XCBuildConfiguration section */

/* Begin XCConfigurationList section */
		953DFA3E1A483683000E70AE /* Build configuration list for PBXProject "HelpForMechMath'" */ = {
			isa = XCConfigurationList;
			buildConfigurations = (
				953DFA481A483683000E70AE /* Debug */,
				953DFA491A483683000E70AE /* Release */,
			);
			defaultConfigurationIsVisible = 0;
			defaultConfigurationName = Release;
		};
		953DFA4A1A483683000E70AE /* Build configuration list for PBXNativeTarget "HelpForMechMath'" */ = {
			isa = XCConfigurationList;
			buildConfigurations = (
				953DFA4B1A483683000E70AE /* Debug */,
				953DFA4C1A483683000E70AE /* Release */,
			);
			defaultConfigurationIsVisible = 0;
		};
/* End XCConfigurationList section */
	};
	rootObject = 953DFA3B1A483683000E70AE /* Project object */;
}
