// !$*UTF8*$!
{
	archiveVersion = 1;
	classes = {
	};
	objectVersion = 46;
	objects = {

/* Begin PBXBuildFile section */
		9524CDD41A192D130052B5AC /* LSD.cpp in Sources */ = {isa = PBXBuildFile; fileRef = 9524CDD31A192D130052B5AC /* LSD.cpp */; };
/* End PBXBuildFile section */

/* Begin PBXContainerItemProxy section */
		9524CE061A19ECE90052B5AC /* PBXContainerItemProxy */ = {
			isa = PBXContainerItemProxy;
			containerPortal = 9524CDF61A193E5D0052B5AC /* _MSD.xcodeproj */;
			proxyType = 2;
			remoteGlobalIDString = 9524CDEC1A193E5D0052B5AC;
			remoteInfo = _MSD;
		};
/* End PBXContainerItemProxy section */

/* Begin PBXCopyFilesBuildPhase section */
		9524CDCE1A192D130052B5AC /* CopyFiles */ = {
			isa = PBXCopyFilesBuildPhase;
			buildActionMask = 2147483647;
			dstPath = /usr/share/man/man1/;
			dstSubfolderSpec = 0;
			files = (
			);
			runOnlyForDeploymentPostprocessing = 1;
		};
/* End PBXCopyFilesBuildPhase section */

/* Begin PBXFileReference section */
		9524CDD01A192D130052B5AC /* _LSD */ = {isa = PBXFileReference; explicitFileType = "compiled.mach-o.executable"; includeInIndex = 0; path = _LSD; sourceTree = BUILT_PRODUCTS_DIR; };
		9524CDD31A192D130052B5AC /* LSD.cpp */ = {isa = PBXFileReference; lastKnownFileType = sourcecode.cpp.cpp; path = LSD.cpp; sourceTree = "<group>"; };
		9524CDF61A193E5D0052B5AC /* _MSD.xcodeproj */ = {isa = PBXFileReference; lastKnownFileType = "wrapper.pb-project"; name = _MSD.xcodeproj; path = _LSD/_MSD/_MSD.xcodeproj; sourceTree = "<group>"; };
/* End PBXFileReference section */

/* Begin PBXFrameworksBuildPhase section */
		9524CDCD1A192D130052B5AC /* Frameworks */ = {
			isa = PBXFrameworksBuildPhase;
			buildActionMask = 2147483647;
			files = (
			);
			runOnlyForDeploymentPostprocessing = 0;
		};
/* End PBXFrameworksBuildPhase section */

/* Begin PBXGroup section */
		9524CDC71A192D130052B5AC = {
			isa = PBXGroup;
			children = (
				9524CDD21A192D130052B5AC /* _LSD */,
				9524CDD11A192D130052B5AC /* Products */,
				9524CDF61A193E5D0052B5AC /* _MSD.xcodeproj */,
			);
			sourceTree = "<group>";
		};
		9524CDD11A192D130052B5AC /* Products */ = {
			isa = PBXGroup;
			children = (
				9524CDD01A192D130052B5AC /* _LSD */,
			);
			name = Products;
			sourceTree = "<group>";
		};
		9524CDD21A192D130052B5AC /* _LSD */ = {
			isa = PBXGroup;
			children = (
				9524CDD31A192D130052B5AC /* LSD.cpp */,
			);
			path = _LSD;
			sourceTree = "<group>";
		};
		9524CE031A19ECE90052B5AC /* Products */ = {
			isa = PBXGroup;
			children = (
				9524CE071A19ECE90052B5AC /* _MSD */,
			);
			name = Products;
			sourceTree = "<group>";
		};
/* End PBXGroup section */

/* Begin PBXNativeTarget section */
		9524CDCF1A192D130052B5AC /* _LSD */ = {
			isa = PBXNativeTarget;
			buildConfigurationList = 9524CDD71A192D130052B5AC /* Build configuration list for PBXNativeTarget "_LSD" */;
			buildPhases = (
				9524CDCC1A192D130052B5AC /* Sources */,
				9524CDCD1A192D130052B5AC /* Frameworks */,
				9524CDCE1A192D130052B5AC /* CopyFiles */,
			);
			buildRules = (
			);
			dependencies = (
			);
			name = _LSD;
			productName = _LSD;
			productReference = 9524CDD01A192D130052B5AC /* _LSD */;
			productType = "com.apple.product-type.tool";
		};
/* End PBXNativeTarget section */

/* Begin PBXProject section */
		9524CDC81A192D130052B5AC /* Project object */ = {
			isa = PBXProject;
			attributes = {
				LastUpgradeCheck = 0610;
				ORGANIZATIONNAME = SecurityQQ;
				TargetAttributes = {
					9524CDCF1A192D130052B5AC = {
						CreatedOnToolsVersion = 6.1;
					};
				};
			};
			buildConfigurationList = 9524CDCB1A192D130052B5AC /* Build configuration list for PBXProject "_LSD" */;
			compatibilityVersion = "Xcode 3.2";
			developmentRegion = English;
			hasScannedForEncodings = 0;
			knownRegions = (
				en,
			);
			mainGroup = 9524CDC71A192D130052B5AC;
			productRefGroup = 9524CDD11A192D130052B5AC /* Products */;
			projectDirPath = "";
			projectReferences = (
				{
					ProductGroup = 9524CE031A19ECE90052B5AC /* Products */;
					ProjectRef = 9524CDF61A193E5D0052B5AC /* _MSD.xcodeproj */;
				},
			);
			projectRoot = "";
			targets = (
				9524CDCF1A192D130052B5AC /* _LSD */,
			);
		};
/* End PBXProject section */

/* Begin PBXReferenceProxy section */
		9524CE071A19ECE90052B5AC /* _MSD */ = {
			isa = PBXReferenceProxy;
			fileType = "compiled.mach-o.executable";
			path = _MSD;
			remoteRef = 9524CE061A19ECE90052B5AC /* PBXContainerItemProxy */;
			sourceTree = BUILT_PRODUCTS_DIR;
		};
/* End PBXReferenceProxy section */

/* Begin PBXSourcesBuildPhase section */
		9524CDCC1A192D130052B5AC /* Sources */ = {
			isa = PBXSourcesBuildPhase;
			buildActionMask = 2147483647;
			files = (
				9524CDD41A192D130052B5AC /* LSD.cpp in Sources */,
			);
			runOnlyForDeploymentPostprocessing = 0;
		};
/* End PBXSourcesBuildPhase section */

/* Begin XCBuildConfiguration section */
		9524CDD51A192D130052B5AC /* Debug */ = {
			isa = XCBuildConfiguration;
			buildSettings = {
				ALWAYS_SEARCH_USER_PATHS = NO;
				CLANG_CXX_LANGUAGE_STANDARD = "gnu++0x";
				CLANG_CXX_LIBRARY = "libc++";
				CLANG_ENABLE_MODULES = YES;
				CLANG_ENABLE_OBJC_ARC = YES;
				CLANG_WARN_BOOL_CONVERSION = YES;
				CLANG_WARN_CONSTANT_CONVERSION = YES;
				CLANG_WARN_DIRECT_OBJC_ISA_USAGE = YES_ERROR;
				CLANG_WARN_EMPTY_BODY = YES;
				CLANG_WARN_ENUM_CONVERSION = YES;
				CLANG_WARN_INT_CONVERSION = YES;
				CLANG_WARN_OBJC_ROOT_CLASS = YES_ERROR;
				CLANG_WARN_UNREACHABLE_CODE = YES;
				CLANG_WARN__DUPLICATE_METHOD_MATCH = YES;
				COPY_PHASE_STRIP = NO;
				ENABLE_STRICT_OBJC_MSGSEND = YES;
				GCC_C_LANGUAGE_STANDARD = gnu99;
				GCC_DYNAMIC_NO_PIC = NO;
				GCC_OPTIMIZATION_LEVEL = 0;
				GCC_PREPROCESSOR_DEFINITIONS = (
					"DEBUG=1",
					"$(inherited)",
				);
				GCC_SYMBOLS_PRIVATE_EXTERN = NO;
				GCC_WARN_64_TO_32_BIT_CONVERSION = YES;
				GCC_WARN_ABOUT_RETURN_TYPE = YES_ERROR;
				GCC_WARN_UNDECLARED_SELECTOR = YES;
				GCC_WARN_UNINITIALIZED_AUTOS = YES_AGGRESSIVE;
				GCC_WARN_UNUSED_FUNCTION = YES;
				GCC_WARN_UNUSED_VARIABLE = YES;
				MACOSX_DEPLOYMENT_TARGET = 10.10;
				MTL_ENABLE_DEBUG_INFO = YES;
				ONLY_ACTIVE_ARCH = YES;
				SDKROOT = macosx;
			};
			name = Debug;
		};
		9524CDD61A192D130052B5AC /* Release */ = {
			isa = XCBuildConfiguration;
			buildSettings = {
				ALWAYS_SEARCH_USER_PATHS = NO;
				CLANG_CXX_LANGUAGE_STANDARD = "gnu++0x";
				CLANG_CXX_LIBRARY = "libc++";
				CLANG_ENABLE_MODULES = YES;
				CLANG_ENABLE_OBJC_ARC = YES;
				CLANG_WARN_BOOL_CONVERSION = YES;
				CLANG_WARN_CONSTANT_CONVERSION = YES;
				CLANG_WARN_DIRECT_OBJC_ISA_USAGE = YES_ERROR;
				CLANG_WARN_EMPTY_BODY = YES;
				CLANG_WARN_ENUM_CONVERSION = YES;
				CLANG_WARN_INT_CONVERSION = YES;
				CLANG_WARN_OBJC_ROOT_CLASS = YES_ERROR;
				CLANG_WARN_UNREACHABLE_CODE = YES;
				CLANG_WARN__DUPLICATE_METHOD_MATCH = YES;
				COPY_PHASE_STRIP = YES;
				DEBUG_INFORMATION_FORMAT = "dwarf-with-dsym";
				ENABLE_NS_ASSERTIONS = NO;
				ENABLE_STRICT_OBJC_MSGSEND = YES;
				GCC_C_LANGUAGE_STANDARD = gnu99;
				GCC_WARN_64_TO_32_BIT_CONVERSION = YES;
				GCC_WARN_ABOUT_RETURN_TYPE = YES_ERROR;
				GCC_WARN_UNDECLARED_SELECTOR = YES;
				GCC_WARN_UNINITIALIZED_AUTOS = YES_AGGRESSIVE;
				GCC_WARN_UNUSED_FUNCTION = YES;
				GCC_WARN_UNUSED_VARIABLE = YES;
				MACOSX_DEPLOYMENT_TARGET = 10.10;
				MTL_ENABLE_DEBUG_INFO = NO;
				SDKROOT = macosx;
			};
			name = Release;
		};
		9524CDD81A192D130052B5AC /* Debug */ = {
			isa = XCBuildConfiguration;
			buildSettings = {
				PRODUCT_NAME = "$(TARGET_NAME)";
			};
			name = Debug;
		};
		9524CDD91A192D130052B5AC /* Release */ = {
			isa = XCBuildConfiguration;
			buildSettings = {
				PRODUCT_NAME = "$(TARGET_NAME)";
			};
			name = Release;
		};
/* End XCBuildConfiguration section */

/* Begin XCConfigurationList section */
		9524CDCB1A192D130052B5AC /* Build configuration list for PBXProject "_LSD" */ = {
			isa = XCConfigurationList;
			buildConfigurations = (
				9524CDD51A192D130052B5AC /* Debug */,
				9524CDD61A192D130052B5AC /* Release */,
			);
			defaultConfigurationIsVisible = 0;
			defaultConfigurationName = Release;
		};
		9524CDD71A192D130052B5AC /* Build configuration list for PBXNativeTarget "_LSD" */ = {
			isa = XCConfigurationList;
			buildConfigurations = (
				9524CDD81A192D130052B5AC /* Debug */,
				9524CDD91A192D130052B5AC /* Release */,
			);
			defaultConfigurationIsVisible = 0;
			defaultConfigurationName = Release;
		};
/* End XCConfigurationList section */
	};
	rootObject = 9524CDC81A192D130052B5AC /* Project object */;
}
