// !$*UTF8*$!
{
	archiveVersion = 1;
	classes = {
	};
	objectVersion = 46;
	objects = {

/* Begin PBXBuildFile section */
		9552A11A1BDD76D60092C9AF /* main.cpp in Sources */ = {isa = PBXBuildFile; fileRef = 9552A1191BDD76D60092C9AF /* main.cpp */; };
		9552A1251BDD76E50092C9AF /* Graph.cpp in Sources */ = {isa = PBXBuildFile; fileRef = 9552A1201BDD76E50092C9AF /* Graph.cpp */; settings = {ASSET_TAGS = (); }; };
		9552A1261BDD76E50092C9AF /* MaxFlowThreeIndians.cpp in Sources */ = {isa = PBXBuildFile; fileRef = 9552A1221BDD76E50092C9AF /* MaxFlowThreeIndians.cpp */; settings = {ASSET_TAGS = (); }; };
		9552A1271BDD76E50092C9AF /* ResidualAndLayederdGraph.cpp in Sources */ = {isa = PBXBuildFile; fileRef = 9552A1231BDD76E50092C9AF /* ResidualAndLayederdGraph.cpp */; settings = {ASSET_TAGS = (); }; };
/* End PBXBuildFile section */

/* Begin PBXCopyFilesBuildPhase section */
		9552A1141BDD76D60092C9AF /* CopyFiles */ = {
			isa = PBXCopyFilesBuildPhase;
			buildActionMask = 2147483647;
			dstPath = /usr/share/man/man1/;
			dstSubfolderSpec = 0;
			files = (
			);
			runOnlyForDeploymentPostprocessing = 1;
		};
/* End PBXCopyFilesBuildPhase section */

/* Begin PBXFileReference section */
		9552A1161BDD76D60092C9AF /* MKM_Sasha_Boimel */ = {isa = PBXFileReference; explicitFileType = "compiled.mach-o.executable"; includeInIndex = 0; path = MKM_Sasha_Boimel; sourceTree = BUILT_PRODUCTS_DIR; };
		9552A1191BDD76D60092C9AF /* main.cpp */ = {isa = PBXFileReference; lastKnownFileType = sourcecode.cpp.cpp; path = main.cpp; sourceTree = "<group>"; };
		9552A1201BDD76E50092C9AF /* Graph.cpp */ = {isa = PBXFileReference; fileEncoding = 4; lastKnownFileType = sourcecode.cpp.cpp; path = Graph.cpp; sourceTree = "<group>"; };
		9552A1211BDD76E50092C9AF /* Graph.h */ = {isa = PBXFileReference; fileEncoding = 4; lastKnownFileType = sourcecode.c.h; path = Graph.h; sourceTree = "<group>"; };
		9552A1221BDD76E50092C9AF /* MaxFlowThreeIndians.cpp */ = {isa = PBXFileReference; fileEncoding = 4; lastKnownFileType = sourcecode.cpp.cpp; path = MaxFlowThreeIndians.cpp; sourceTree = "<group>"; };
		9552A1231BDD76E50092C9AF /* ResidualAndLayederdGraph.cpp */ = {isa = PBXFileReference; fileEncoding = 4; lastKnownFileType = sourcecode.cpp.cpp; path = ResidualAndLayederdGraph.cpp; sourceTree = "<group>"; };
		9552A1241BDD76E50092C9AF /* ResidualAndLayederdGraph.h */ = {isa = PBXFileReference; fileEncoding = 4; lastKnownFileType = sourcecode.c.h; path = ResidualAndLayederdGraph.h; sourceTree = "<group>"; };
/* End PBXFileReference section */

/* Begin PBXFrameworksBuildPhase section */
		9552A1131BDD76D60092C9AF /* Frameworks */ = {
			isa = PBXFrameworksBuildPhase;
			buildActionMask = 2147483647;
			files = (
			);
			runOnlyForDeploymentPostprocessing = 0;
		};
/* End PBXFrameworksBuildPhase section */

/* Begin PBXGroup section */
		9552A10D1BDD76D60092C9AF = {
			isa = PBXGroup;
			children = (
				9552A1181BDD76D60092C9AF /* MKM_Sasha_Boimel */,
				9552A1171BDD76D60092C9AF /* Products */,
			);
			sourceTree = "<group>";
		};
		9552A1171BDD76D60092C9AF /* Products */ = {
			isa = PBXGroup;
			children = (
				9552A1161BDD76D60092C9AF /* MKM_Sasha_Boimel */,
			);
			name = Products;
			sourceTree = "<group>";
		};
		9552A1181BDD76D60092C9AF /* MKM_Sasha_Boimel */ = {
			isa = PBXGroup;
			children = (
				9552A1191BDD76D60092C9AF /* main.cpp */,
				9552A1201BDD76E50092C9AF /* Graph.cpp */,
				9552A1211BDD76E50092C9AF /* Graph.h */,
				9552A1221BDD76E50092C9AF /* MaxFlowThreeIndians.cpp */,
				9552A1231BDD76E50092C9AF /* ResidualAndLayederdGraph.cpp */,
				9552A1241BDD76E50092C9AF /* ResidualAndLayederdGraph.h */,
			);
			path = MKM_Sasha_Boimel;
			sourceTree = "<group>";
		};
/* End PBXGroup section */

/* Begin PBXNativeTarget section */
		9552A1151BDD76D60092C9AF /* MKM_Sasha_Boimel */ = {
			isa = PBXNativeTarget;
			buildConfigurationList = 9552A11D1BDD76D60092C9AF /* Build configuration list for PBXNativeTarget "MKM_Sasha_Boimel" */;
			buildPhases = (
				9552A1121BDD76D60092C9AF /* Sources */,
				9552A1131BDD76D60092C9AF /* Frameworks */,
				9552A1141BDD76D60092C9AF /* CopyFiles */,
			);
			buildRules = (
			);
			dependencies = (
			);
			name = MKM_Sasha_Boimel;
			productName = MKM_Sasha_Boimel;
			productReference = 9552A1161BDD76D60092C9AF /* MKM_Sasha_Boimel */;
			productType = "com.apple.product-type.tool";
		};
/* End PBXNativeTarget section */

/* Begin PBXProject section */
		9552A10E1BDD76D60092C9AF /* Project object */ = {
			isa = PBXProject;
			attributes = {
				LastUpgradeCheck = 0700;
				ORGANIZATIONNAME = "Alexander Malyshev";
				TargetAttributes = {
					9552A1151BDD76D60092C9AF = {
						CreatedOnToolsVersion = 7.0;
					};
				};
			};
			buildConfigurationList = 9552A1111BDD76D60092C9AF /* Build configuration list for PBXProject "MKM_Sasha_Boimel" */;
			compatibilityVersion = "Xcode 3.2";
			developmentRegion = English;
			hasScannedForEncodings = 0;
			knownRegions = (
				en,
			);
			mainGroup = 9552A10D1BDD76D60092C9AF;
			productRefGroup = 9552A1171BDD76D60092C9AF /* Products */;
			projectDirPath = "";
			projectRoot = "";
			targets = (
				9552A1151BDD76D60092C9AF /* MKM_Sasha_Boimel */,
			);
		};
/* End PBXProject section */

/* Begin PBXSourcesBuildPhase section */
		9552A1121BDD76D60092C9AF /* Sources */ = {
			isa = PBXSourcesBuildPhase;
			buildActionMask = 2147483647;
			files = (
				9552A1251BDD76E50092C9AF /* Graph.cpp in Sources */,
				9552A1271BDD76E50092C9AF /* ResidualAndLayederdGraph.cpp in Sources */,
				9552A11A1BDD76D60092C9AF /* main.cpp in Sources */,
				9552A1261BDD76E50092C9AF /* MaxFlowThreeIndians.cpp in Sources */,
			);
			runOnlyForDeploymentPostprocessing = 0;
		};
/* End PBXSourcesBuildPhase section */

/* Begin XCBuildConfiguration section */
		9552A11B1BDD76D60092C9AF /* Debug */ = {
			isa = XCBuildConfiguration;
			buildSettings = {
				ALWAYS_SEARCH_USER_PATHS = NO;
				CLANG_CXX_LANGUAGE_STANDARD = "gnu++0x";
				CLANG_CXX_LIBRARY = "libc++";
				CLANG_ENABLE_MODULES = YES;
				CLANG_ENABLE_OBJC_ARC = YES;
				CLANG_WARN_BOOL_CONVERSION = YES;
				CLANG_WARN_CONSTANT_CONVERSION = YES;
				CLANG_WARN_DIRECT_OBJC_ISA_USAGE = YES_ERROR;
				CLANG_WARN_EMPTY_BODY = YES;
				CLANG_WARN_ENUM_CONVERSION = YES;
				CLANG_WARN_INT_CONVERSION = YES;
				CLANG_WARN_OBJC_ROOT_CLASS = YES_ERROR;
				CLANG_WARN_UNREACHABLE_CODE = YES;
				CLANG_WARN__DUPLICATE_METHOD_MATCH = YES;
				COPY_PHASE_STRIP = NO;
				DEBUG_INFORMATION_FORMAT = dwarf;
				ENABLE_STRICT_OBJC_MSGSEND = YES;
				ENABLE_TESTABILITY = YES;
				GCC_C_LANGUAGE_STANDARD = gnu99;
				GCC_DYNAMIC_NO_PIC = NO;
				GCC_NO_COMMON_BLOCKS = YES;
				GCC_OPTIMIZATION_LEVEL = 0;
				GCC_PREPROCESSOR_DEFINITIONS = (
					"DEBUG=1",
					"$(inherited)",
				);
				GCC_WARN_64_TO_32_BIT_CONVERSION = YES;
				GCC_WARN_ABOUT_RETURN_TYPE = YES_ERROR;
				GCC_WARN_UNDECLARED_SELECTOR = YES;
				GCC_WARN_UNINITIALIZED_AUTOS = YES_AGGRESSIVE;
				GCC_WARN_UNUSED_FUNCTION = YES;
				GCC_WARN_UNUSED_VARIABLE = YES;
				MACOSX_DEPLOYMENT_TARGET = 10.11;
				MTL_ENABLE_DEBUG_INFO = YES;
				ONLY_ACTIVE_ARCH = YES;
				SDKROOT = macosx;
			};
			name = Debug;
		};
		9552A11C1BDD76D60092C9AF /* Release */ = {
			isa = XCBuildConfiguration;
			buildSettings = {
				ALWAYS_SEARCH_USER_PATHS = NO;
				CLANG_CXX_LANGUAGE_STANDARD = "gnu++0x";
				CLANG_CXX_LIBRARY = "libc++";
				CLANG_ENABLE_MODULES = YES;
				CLANG_ENABLE_OBJC_ARC = YES;
				CLANG_WARN_BOOL_CONVERSION = YES;
				CLANG_WARN_CONSTANT_CONVERSION = YES;
				CLANG_WARN_DIRECT_OBJC_ISA_USAGE = YES_ERROR;
				CLANG_WARN_EMPTY_BODY = YES;
				CLANG_WARN_ENUM_CONVERSION = YES;
				CLANG_WARN_INT_CONVERSION = YES;
				CLANG_WARN_OBJC_ROOT_CLASS = YES_ERROR;
				CLANG_WARN_UNREACHABLE_CODE = YES;
				CLANG_WARN__DUPLICATE_METHOD_MATCH = YES;
				COPY_PHASE_STRIP = NO;
				DEBUG_INFORMATION_FORMAT = "dwarf-with-dsym";
				ENABLE_NS_ASSERTIONS = NO;
				ENABLE_STRICT_OBJC_MSGSEND = YES;
				GCC_C_LANGUAGE_STANDARD = gnu99;
				GCC_NO_COMMON_BLOCKS = YES;
				GCC_WARN_64_TO_32_BIT_CONVERSION = YES;
				GCC_WARN_ABOUT_RETURN_TYPE = YES_ERROR;
				GCC_WARN_UNDECLARED_SELECTOR = YES;
				GCC_WARN_UNINITIALIZED_AUTOS = YES_AGGRESSIVE;
				GCC_WARN_UNUSED_FUNCTION = YES;
				GCC_WARN_UNUSED_VARIABLE = YES;
				MACOSX_DEPLOYMENT_TARGET = 10.11;
				MTL_ENABLE_DEBUG_INFO = NO;
				SDKROOT = macosx;
			};
			name = Release;
		};
		9552A11E1BDD76D60092C9AF /* Debug */ = {
			isa = XCBuildConfiguration;
			buildSettings = {
				PRODUCT_NAME = "$(TARGET_NAME)";
			};
			name = Debug;
		};
		9552A11F1BDD76D60092C9AF /* Release */ = {
			isa = XCBuildConfiguration;
			buildSettings = {
				PRODUCT_NAME = "$(TARGET_NAME)";
			};
			name = Release;
		};
/* End XCBuildConfiguration section */

/* Begin XCConfigurationList section */
		9552A1111BDD76D60092C9AF /* Build configuration list for PBXProject "MKM_Sasha_Boimel" */ = {
			isa = XCConfigurationList;
			buildConfigurations = (
				9552A11B1BDD76D60092C9AF /* Debug */,
				9552A11C1BDD76D60092C9AF /* Release */,
			);
			defaultConfigurationIsVisible = 0;
			defaultConfigurationName = Release;
		};
		9552A11D1BDD76D60092C9AF /* Build configuration list for PBXNativeTarget "MKM_Sasha_Boimel" */ = {
			isa = XCConfigurationList;
			buildConfigurations = (
				9552A11E1BDD76D60092C9AF /* Debug */,
				9552A11F1BDD76D60092C9AF /* Release */,
			);
			defaultConfigurationIsVisible = 0;
		};
/* End XCConfigurationList section */
	};
	rootObject = 9552A10E1BDD76D60092C9AF /* Project object */;
}
