// !$*UTF8*$!
{
	archiveVersion = 1;
	classes = {
	};
	objectVersion = 46;
	objects = {

/* Begin PBXBuildFile section */
		953681CA1AF3F8FF003FCD49 /* main.cpp in Sources */ = {isa = PBXBuildFile; fileRef = 953681C91AF3F8FF003FCD49 /* main.cpp */; };
/* End PBXBuildFile section */

/* Begin PBXCopyFilesBuildPhase section */
		953681C41AF3F8FF003FCD49 /* CopyFiles */ = {
			isa = PBXCopyFilesBuildPhase;
			buildActionMask = 2147483647;
			dstPath = /usr/share/man/man1/;
			dstSubfolderSpec = 0;
			files = (
			);
			runOnlyForDeploymentPostprocessing = 1;
		};
/* End PBXCopyFilesBuildPhase section */

/* Begin PBXFileReference section */
		953681C61AF3F8FF003FCD49 /* AVL-soldiers */ = {isa = PBXFileReference; explicitFileType = "compiled.mach-o.executable"; includeInIndex = 0; path = "AVL-soldiers"; sourceTree = BUILT_PRODUCTS_DIR; };
		953681C91AF3F8FF003FCD49 /* main.cpp */ = {isa = PBXFileReference; lastKnownFileType = sourcecode.cpp.cpp; path = main.cpp; sourceTree = "<group>"; };
/* End PBXFileReference section */

/* Begin PBXFrameworksBuildPhase section */
		953681C31AF3F8FF003FCD49 /* Frameworks */ = {
			isa = PBXFrameworksBuildPhase;
			buildActionMask = 2147483647;
			files = (
			);
			runOnlyForDeploymentPostprocessing = 0;
		};
/* End PBXFrameworksBuildPhase section */

/* Begin PBXGroup section */
		953681BD1AF3F8FF003FCD49 = {
			isa = PBXGroup;
			children = (
				953681C81AF3F8FF003FCD49 /* AVL-soldiers */,
				953681C71AF3F8FF003FCD49 /* Products */,
			);
			sourceTree = "<group>";
		};
		953681C71AF3F8FF003FCD49 /* Products */ = {
			isa = PBXGroup;
			children = (
				953681C61AF3F8FF003FCD49 /* AVL-soldiers */,
			);
			name = Products;
			sourceTree = "<group>";
		};
		953681C81AF3F8FF003FCD49 /* AVL-soldiers */ = {
			isa = PBXGroup;
			children = (
				953681C91AF3F8FF003FCD49 /* main.cpp */,
			);
			path = "AVL-soldiers";
			sourceTree = "<group>";
		};
/* End PBXGroup section */

/* Begin PBXNativeTarget section */
		953681C51AF3F8FF003FCD49 /* AVL-soldiers */ = {
			isa = PBXNativeTarget;
			buildConfigurationList = 953681CD1AF3F8FF003FCD49 /* Build configuration list for PBXNativeTarget "AVL-soldiers" */;
			buildPhases = (
				953681C21AF3F8FF003FCD49 /* Sources */,
				953681C31AF3F8FF003FCD49 /* Frameworks */,
				953681C41AF3F8FF003FCD49 /* CopyFiles */,
			);
			buildRules = (
			);
			dependencies = (
			);
			name = "AVL-soldiers";
			productName = "AVL-soldiers";
			productReference = 953681C61AF3F8FF003FCD49 /* AVL-soldiers */;
			productType = "com.apple.product-type.tool";
		};
/* End PBXNativeTarget section */

/* Begin PBXProject section */
		953681BE1AF3F8FF003FCD49 /* Project object */ = {
			isa = PBXProject;
			attributes = {
				LastUpgradeCheck = 0630;
				ORGANIZATIONNAME = SecurityQQ;
				TargetAttributes = {
					953681C51AF3F8FF003FCD49 = {
						CreatedOnToolsVersion = 6.3;
					};
				};
			};
			buildConfigurationList = 953681C11AF3F8FF003FCD49 /* Build configuration list for PBXProject "AVL-soldiers" */;
			compatibilityVersion = "Xcode 3.2";
			developmentRegion = English;
			hasScannedForEncodings = 0;
			knownRegions = (
				en,
			);
			mainGroup = 953681BD1AF3F8FF003FCD49;
			productRefGroup = 953681C71AF3F8FF003FCD49 /* Products */;
			projectDirPath = "";
			projectRoot = "";
			targets = (
				953681C51AF3F8FF003FCD49 /* AVL-soldiers */,
			);
		};
/* End PBXProject section */

/* Begin PBXSourcesBuildPhase section */
		953681C21AF3F8FF003FCD49 /* Sources */ = {
			isa = PBXSourcesBuildPhase;
			buildActionMask = 2147483647;
			files = (
				953681CA1AF3F8FF003FCD49 /* main.cpp in Sources */,
			);
			runOnlyForDeploymentPostprocessing = 0;
		};
/* End PBXSourcesBuildPhase section */

/* Begin XCBuildConfiguration section */
		953681CB1AF3F8FF003FCD49 /* Debug */ = {
			isa = XCBuildConfiguration;
			buildSettings = {
				ALWAYS_SEARCH_USER_PATHS = NO;
				CLANG_CXX_LANGUAGE_STANDARD = "gnu++0x";
				CLANG_CXX_LIBRARY = "libc++";
				CLANG_ENABLE_MODULES = YES;
				CLANG_ENABLE_OBJC_ARC = YES;
				CLANG_WARN_BOOL_CONVERSION = YES;
				CLANG_WARN_CONSTANT_CONVERSION = YES;
				CLANG_WARN_DIRECT_OBJC_ISA_USAGE = YES_ERROR;
				CLANG_WARN_EMPTY_BODY = YES;
				CLANG_WARN_ENUM_CONVERSION = YES;
				CLANG_WARN_INT_CONVERSION = YES;
				CLANG_WARN_OBJC_ROOT_CLASS = YES_ERROR;
				CLANG_WARN_UNREACHABLE_CODE = YES;
				CLANG_WARN__DUPLICATE_METHOD_MATCH = YES;
				COPY_PHASE_STRIP = NO;
				DEBUG_INFORMATION_FORMAT = dwarf;
				ENABLE_STRICT_OBJC_MSGSEND = YES;
				GCC_C_LANGUAGE_STANDARD = gnu99;
				GCC_DYNAMIC_NO_PIC = NO;
				GCC_NO_COMMON_BLOCKS = YES;
				GCC_OPTIMIZATION_LEVEL = 0;
				GCC_PREPROCESSOR_DEFINITIONS = (
					"DEBUG=1",
					"$(inherited)",
				);
				GCC_SYMBOLS_PRIVATE_EXTERN = NO;
				GCC_WARN_64_TO_32_BIT_CONVERSION = YES;
				GCC_WARN_ABOUT_RETURN_TYPE = YES_ERROR;
				GCC_WARN_UNDECLARED_SELECTOR = YES;
				GCC_WARN_UNINITIALIZED_AUTOS = YES_AGGRESSIVE;
				GCC_WARN_UNUSED_FUNCTION = YES;
				GCC_WARN_UNUSED_VARIABLE = YES;
				MACOSX_DEPLOYMENT_TARGET = 10.10;
				MTL_ENABLE_DEBUG_INFO = YES;
				ONLY_ACTIVE_ARCH = YES;
				SDKROOT = macosx;
			};
			name = Debug;
		};
		953681CC1AF3F8FF003FCD49 /* Release */ = {
			isa = XCBuildConfiguration;
			buildSettings = {
				ALWAYS_SEARCH_USER_PATHS = NO;
				CLANG_CXX_LANGUAGE_STANDARD = "gnu++0x";
				CLANG_CXX_LIBRARY = "libc++";
				CLANG_ENABLE_MODULES = YES;
				CLANG_ENABLE_OBJC_ARC = YES;
				CLANG_WARN_BOOL_CONVERSION = YES;
				CLANG_WARN_CONSTANT_CONVERSION = YES;
				CLANG_WARN_DIRECT_OBJC_ISA_USAGE = YES_ERROR;
				CLANG_WARN_EMPTY_BODY = YES;
				CLANG_WARN_ENUM_CONVERSION = YES;
				CLANG_WARN_INT_CONVERSION = YES;
				CLANG_WARN_OBJC_ROOT_CLASS = YES_ERROR;
				CLANG_WARN_UNREACHABLE_CODE = YES;
				CLANG_WARN__DUPLICATE_METHOD_MATCH = YES;
				COPY_PHASE_STRIP = NO;
				DEBUG_INFORMATION_FORMAT = "dwarf-with-dsym";
				ENABLE_NS_ASSERTIONS = NO;
				ENABLE_STRICT_OBJC_MSGSEND = YES;
				GCC_C_LANGUAGE_STANDARD = gnu99;
				GCC_NO_COMMON_BLOCKS = YES;
				GCC_WARN_64_TO_32_BIT_CONVERSION = YES;
				GCC_WARN_ABOUT_RETURN_TYPE = YES_ERROR;
				GCC_WARN_UNDECLARED_SELECTOR = YES;
				GCC_WARN_UNINITIALIZED_AUTOS = YES_AGGRESSIVE;
				GCC_WARN_UNUSED_FUNCTION = YES;
				GCC_WARN_UNUSED_VARIABLE = YES;
				MACOSX_DEPLOYMENT_TARGET = 10.10;
				MTL_ENABLE_DEBUG_INFO = NO;
				SDKROOT = macosx;
			};
			name = Release;
		};
		953681CE1AF3F8FF003FCD49 /* Debug */ = {
			isa = XCBuildConfiguration;
			buildSettings = {
				PRODUCT_NAME = "$(TARGET_NAME)";
			};
			name = Debug;
		};
		953681CF1AF3F8FF003FCD49 /* Release */ = {
			isa = XCBuildConfiguration;
			buildSettings = {
				PRODUCT_NAME = "$(TARGET_NAME)";
			};
			name = Release;
		};
/* End XCBuildConfiguration section */

/* Begin XCConfigurationList section */
		953681C11AF3F8FF003FCD49 /* Build configuration list for PBXProject "AVL-soldiers" */ = {
			isa = XCConfigurationList;
			buildConfigurations = (
				953681CB1AF3F8FF003FCD49 /* Debug */,
				953681CC1AF3F8FF003FCD49 /* Release */,
			);
			defaultConfigurationIsVisible = 0;
			defaultConfigurationName = Release;
		};
		953681CD1AF3F8FF003FCD49 /* Build configuration list for PBXNativeTarget "AVL-soldiers" */ = {
			isa = XCConfigurationList;
			buildConfigurations = (
				953681CE1AF3F8FF003FCD49 /* Debug */,
				953681CF1AF3F8FF003FCD49 /* Release */,
			);
			defaultConfigurationIsVisible = 0;
		};
/* End XCConfigurationList section */
	};
	rootObject = 953681BE1AF3F8FF003FCD49 /* Project object */;
}
