// !$*UTF8*$!
{
	archiveVersion = 1;
	classes = {
	};
	objectVersion = 46;
	objects = {

/* Begin PBXBuildFile section */
		95AFB7CD1BD0ECA000FCE09F /* main.swift in Sources */ = {isa = PBXBuildFile; fileRef = 95AFB7CC1BD0ECA000FCE09F /* main.swift */; };
		95AFB7D91BD0EDF000FCE09F /* ObjCPP.mm in Sources */ = {isa = PBXBuildFile; fileRef = 95AFB7D81BD0EDF000FCE09F /* ObjCPP.mm */; settings = {ASSET_TAGS = (); }; };
/* End PBXBuildFile section */

/* Begin PBXCopyFilesBuildPhase section */
		95AFB7C71BD0ECA000FCE09F /* CopyFiles */ = {
			isa = PBXCopyFilesBuildPhase;
			buildActionMask = 2147483647;
			dstPath = /usr/share/man/man1/;
			dstSubfolderSpec = 0;
			files = (
			);
			runOnlyForDeploymentPostprocessing = 1;
		};
/* End PBXCopyFilesBuildPhase section */

/* Begin PBXFileReference section */
		95AFB7C91BD0ECA000FCE09F /* CPlusPlusAndSwiftMixing */ = {isa = PBXFileReference; explicitFileType = "compiled.mach-o.executable"; includeInIndex = 0; path = CPlusPlusAndSwiftMixing; sourceTree = BUILT_PRODUCTS_DIR; };
		95AFB7CC1BD0ECA000FCE09F /* main.swift */ = {isa = PBXFileReference; lastKnownFileType = sourcecode.swift; path = main.swift; sourceTree = "<group>"; };
		95AFB7D31BD0ECBF00FCE09F /* CPlusPlusAndSwiftMixing-Bridging-Header.h */ = {isa = PBXFileReference; lastKnownFileType = sourcecode.c.h; path = "CPlusPlusAndSwiftMixing-Bridging-Header.h"; sourceTree = "<group>"; };
		95AFB7D71BD0EDF000FCE09F /* ObjCPP.h */ = {isa = PBXFileReference; fileEncoding = 4; lastKnownFileType = sourcecode.c.h; path = ObjCPP.h; sourceTree = "<group>"; };
		95AFB7D81BD0EDF000FCE09F /* ObjCPP.mm */ = {isa = PBXFileReference; fileEncoding = 4; lastKnownFileType = sourcecode.cpp.objcpp; path = ObjCPP.mm; sourceTree = "<group>"; };
/* End PBXFileReference section */

/* Begin PBXFrameworksBuildPhase section */
		95AFB7C61BD0ECA000FCE09F /* Frameworks */ = {
			isa = PBXFrameworksBuildPhase;
			buildActionMask = 2147483647;
			files = (
			);
			runOnlyForDeploymentPostprocessing = 0;
		};
/* End PBXFrameworksBuildPhase section */

/* Begin PBXGroup section */
		95AFB7C01BD0ECA000FCE09F = {
			isa = PBXGroup;
			children = (
				95AFB7CB1BD0ECA000FCE09F /* CPlusPlusAndSwiftMixing */,
				95AFB7CA1BD0ECA000FCE09F /* Products */,
			);
			sourceTree = "<group>";
		};
		95AFB7CA1BD0ECA000FCE09F /* Products */ = {
			isa = PBXGroup;
			children = (
				95AFB7C91BD0ECA000FCE09F /* CPlusPlusAndSwiftMixing */,
			);
			name = Products;
			sourceTree = "<group>";
		};
		95AFB7CB1BD0ECA000FCE09F /* CPlusPlusAndSwiftMixing */ = {
			isa = PBXGroup;
			children = (
				95AFB7CC1BD0ECA000FCE09F /* main.swift */,
				95AFB7D71BD0EDF000FCE09F /* ObjCPP.h */,
				95AFB7D81BD0EDF000FCE09F /* ObjCPP.mm */,
				95AFB7D31BD0ECBF00FCE09F /* CPlusPlusAndSwiftMixing-Bridging-Header.h */,
			);
			path = CPlusPlusAndSwiftMixing;
			sourceTree = "<group>";
		};
/* End PBXGroup section */

/* Begin PBXNativeTarget section */
		95AFB7C81BD0ECA000FCE09F /* CPlusPlusAndSwiftMixing */ = {
			isa = PBXNativeTarget;
			buildConfigurationList = 95AFB7D01BD0ECA000FCE09F /* Build configuration list for PBXNativeTarget "CPlusPlusAndSwiftMixing" */;
			buildPhases = (
				95AFB7C51BD0ECA000FCE09F /* Sources */,
				95AFB7C61BD0ECA000FCE09F /* Frameworks */,
				95AFB7C71BD0ECA000FCE09F /* CopyFiles */,
			);
			buildRules = (
			);
			dependencies = (
			);
			name = CPlusPlusAndSwiftMixing;
			productName = CPlusPlusAndSwiftMixing;
			productReference = 95AFB7C91BD0ECA000FCE09F /* CPlusPlusAndSwiftMixing */;
			productType = "com.apple.product-type.tool";
		};
/* End PBXNativeTarget section */

/* Begin PBXProject section */
		95AFB7C11BD0ECA000FCE09F /* Project object */ = {
			isa = PBXProject;
			attributes = {
				LastSwiftUpdateCheck = 0700;
				LastUpgradeCheck = 0700;
				ORGANIZATIONNAME = "Alexander Malyshev";
				TargetAttributes = {
					95AFB7C81BD0ECA000FCE09F = {
						CreatedOnToolsVersion = 7.0;
					};
				};
			};
			buildConfigurationList = 95AFB7C41BD0ECA000FCE09F /* Build configuration list for PBXProject "CPlusPlusAndSwiftMixing" */;
			compatibilityVersion = "Xcode 3.2";
			developmentRegion = English;
			hasScannedForEncodings = 0;
			knownRegions = (
				en,
			);
			mainGroup = 95AFB7C01BD0ECA000FCE09F;
			productRefGroup = 95AFB7CA1BD0ECA000FCE09F /* Products */;
			projectDirPath = "";
			projectRoot = "";
			targets = (
				95AFB7C81BD0ECA000FCE09F /* CPlusPlusAndSwiftMixing */,
			);
		};
/* End PBXProject section */

/* Begin PBXSourcesBuildPhase section */
		95AFB7C51BD0ECA000FCE09F /* Sources */ = {
			isa = PBXSourcesBuildPhase;
			buildActionMask = 2147483647;
			files = (
				95AFB7CD1BD0ECA000FCE09F /* main.swift in Sources */,
				95AFB7D91BD0EDF000FCE09F /* ObjCPP.mm in Sources */,
			);
			runOnlyForDeploymentPostprocessing = 0;
		};
/* End PBXSourcesBuildPhase section */

/* Begin XCBuildConfiguration section */
		95AFB7CE1BD0ECA000FCE09F /* Debug */ = {
			isa = XCBuildConfiguration;
			buildSettings = {
				ALWAYS_SEARCH_USER_PATHS = NO;
				CLANG_CXX_LANGUAGE_STANDARD = "gnu++0x";
				CLANG_CXX_LIBRARY = "libc++";
				CLANG_ENABLE_MODULES = YES;
				CLANG_ENABLE_OBJC_ARC = YES;
				CLANG_WARN_BOOL_CONVERSION = YES;
				CLANG_WARN_CONSTANT_CONVERSION = YES;
				CLANG_WARN_DIRECT_OBJC_ISA_USAGE = YES_ERROR;
				CLANG_WARN_EMPTY_BODY = YES;
				CLANG_WARN_ENUM_CONVERSION = YES;
				CLANG_WARN_INT_CONVERSION = YES;
				CLANG_WARN_OBJC_ROOT_CLASS = YES_ERROR;
				CLANG_WARN_UNREACHABLE_CODE = YES;
				CLANG_WARN__DUPLICATE_METHOD_MATCH = YES;
				COPY_PHASE_STRIP = NO;
				DEBUG_INFORMATION_FORMAT = dwarf;
				ENABLE_STRICT_OBJC_MSGSEND = YES;
				ENABLE_TESTABILITY = YES;
				GCC_C_LANGUAGE_STANDARD = gnu99;
				GCC_DYNAMIC_NO_PIC = NO;
				GCC_NO_COMMON_BLOCKS = YES;
				GCC_OPTIMIZATION_LEVEL = 0;
				GCC_PREPROCESSOR_DEFINITIONS = (
					"DEBUG=1",
					"$(inherited)",
				);
				GCC_WARN_64_TO_32_BIT_CONVERSION = YES;
				GCC_WARN_ABOUT_RETURN_TYPE = YES_ERROR;
				GCC_WARN_UNDECLARED_SELECTOR = YES;
				GCC_WARN_UNINITIALIZED_AUTOS = YES_AGGRESSIVE;
				GCC_WARN_UNUSED_FUNCTION = YES;
				GCC_WARN_UNUSED_VARIABLE = YES;
				MACOSX_DEPLOYMENT_TARGET = 10.11;
				MTL_ENABLE_DEBUG_INFO = YES;
				ONLY_ACTIVE_ARCH = YES;
				SDKROOT = macosx;
				SWIFT_OPTIMIZATION_LEVEL = "-Onone";
			};
			name = Debug;
		};
		95AFB7CF1BD0ECA000FCE09F /* Release */ = {
			isa = XCBuildConfiguration;
			buildSettings = {
				ALWAYS_SEARCH_USER_PATHS = NO;
				CLANG_CXX_LANGUAGE_STANDARD = "gnu++0x";
				CLANG_CXX_LIBRARY = "libc++";
				CLANG_ENABLE_MODULES = YES;
				CLANG_ENABLE_OBJC_ARC = YES;
				CLANG_WARN_BOOL_CONVERSION = YES;
				CLANG_WARN_CONSTANT_CONVERSION = YES;
				CLANG_WARN_DIRECT_OBJC_ISA_USAGE = YES_ERROR;
				CLANG_WARN_EMPTY_BODY = YES;
				CLANG_WARN_ENUM_CONVERSION = YES;
				CLANG_WARN_INT_CONVERSION = YES;
				CLANG_WARN_OBJC_ROOT_CLASS = YES_ERROR;
				CLANG_WARN_UNREACHABLE_CODE = YES;
				CLANG_WARN__DUPLICATE_METHOD_MATCH = YES;
				COPY_PHASE_STRIP = NO;
				DEBUG_INFORMATION_FORMAT = "dwarf-with-dsym";
				ENABLE_NS_ASSERTIONS = NO;
				ENABLE_STRICT_OBJC_MSGSEND = YES;
				GCC_C_LANGUAGE_STANDARD = gnu99;
				GCC_NO_COMMON_BLOCKS = YES;
				GCC_WARN_64_TO_32_BIT_CONVERSION = YES;
				GCC_WARN_ABOUT_RETURN_TYPE = YES_ERROR;
				GCC_WARN_UNDECLARED_SELECTOR = YES;
				GCC_WARN_UNINITIALIZED_AUTOS = YES_AGGRESSIVE;
				GCC_WARN_UNUSED_FUNCTION = YES;
				GCC_WARN_UNUSED_VARIABLE = YES;
				MACOSX_DEPLOYMENT_TARGET = 10.11;
				MTL_ENABLE_DEBUG_INFO = NO;
				SDKROOT = macosx;
			};
			name = Release;
		};
		95AFB7D11BD0ECA000FCE09F /* Debug */ = {
			isa = XCBuildConfiguration;
			buildSettings = {
				CLANG_ENABLE_MODULES = YES;
				LD_RUNPATH_SEARCH_PATHS = "$(inherited) @executable_path/../Frameworks @loader_path/../Frameworks";
				PRODUCT_NAME = "$(TARGET_NAME)";
				SWIFT_OBJC_BRIDGING_HEADER = "CPlusPlusAndSwiftMixing/CPlusPlusAndSwiftMixing-Bridging-Header.h";
				SWIFT_OPTIMIZATION_LEVEL = "-Onone";
			};
			name = Debug;
		};
		95AFB7D21BD0ECA000FCE09F /* Release */ = {
			isa = XCBuildConfiguration;
			buildSettings = {
				CLANG_ENABLE_MODULES = YES;
				LD_RUNPATH_SEARCH_PATHS = "$(inherited) @executable_path/../Frameworks @loader_path/../Frameworks";
				PRODUCT_NAME = "$(TARGET_NAME)";
				SWIFT_OBJC_BRIDGING_HEADER = "CPlusPlusAndSwiftMixing/CPlusPlusAndSwiftMixing-Bridging-Header.h";
			};
			name = Release;
		};
/* End XCBuildConfiguration section */

/* Begin XCConfigurationList section */
		95AFB7C41BD0ECA000FCE09F /* Build configuration list for PBXProject "CPlusPlusAndSwiftMixing" */ = {
			isa = XCConfigurationList;
			buildConfigurations = (
				95AFB7CE1BD0ECA000FCE09F /* Debug */,
				95AFB7CF1BD0ECA000FCE09F /* Release */,
			);
			defaultConfigurationIsVisible = 0;
			defaultConfigurationName = Release;
		};
		95AFB7D01BD0ECA000FCE09F /* Build configuration list for PBXNativeTarget "CPlusPlusAndSwiftMixing" */ = {
			isa = XCConfigurationList;
			buildConfigurations = (
				95AFB7D11BD0ECA000FCE09F /* Debug */,
				95AFB7D21BD0ECA000FCE09F /* Release */,
			);
			defaultConfigurationIsVisible = 0;
		};
/* End XCConfigurationList section */
	};
	rootObject = 95AFB7C11BD0ECA000FCE09F /* Project object */;
}
